
Microsoft Visual Studio Solution File, Format Version 12.00
# Visual Studio Version 17
VisualStudioVersion = 17.0.31903.59
MinimumVisualStudioVersion = 10.0.40219.1
Project("{2150E333-8FDC-42A3-9474-1A3956D46DE8}") = "Shared", "Shared", "{4F52FD11-658E-A102-6CD3-7D7C16FFA15B}"
EndProject
Project("{FAE04EC0-301F-11D3-BF4B-00C04F79EFBC}") = "WaterSupply.Domain", "Shared\WaterSupply.Domain\WaterSupply.Domain.csproj", "{83BA7A4E-8156-4A8F-BEBF-CC18BFC08C7B}"
EndProject
Project("{FAE04EC0-301F-11D3-BF4B-00C04F79EFBC}") = "WaterSupply.Application", "Shared\WaterSupply.Application\WaterSupply.Application.csproj", "{68D79330-03B0-4E77-99A1-654ED376FD20}"
EndProject
Project("{2150E333-8FDC-42A3-9474-1A3956D46DE8}") = "ConsoleApplication", "ConsoleApplication", "{4F0048AE-A79F-217A-9920-87C84294E1BE}"
EndProject
Project("{FAE04EC0-301F-11D3-BF4B-00C04F79EFBC}") = "WaterSupply.Console", "ConsoleApplication\WaterSupply.Console\WaterSupply.Console.csproj", "{1F60A541-EA30-47A5-A657-7E80DDE04C24}"
EndProject
Project("{2150E333-8FDC-42A3-9474-1A3956D46DE8}") = "ASPNETApplication", "ASPNETApplication", "{9B298988-26ED-9116-1A52-F2E923528485}"
EndProject
Project("{FAE04EC0-301F-11D3-BF4B-00C04F79EFBC}") = "WaterSupply.Web", "ASPNETApplication\WaterSupply.Web\WaterSupply.Web.csproj", "{E339B38C-D308-4087-A664-888C3BB6B17C}"
EndProject
Project("{FAE04EC0-301F-11D3-BF4B-00C04F79EFBC}") = "WaterSupply.Application.Tests", "Shared\WaterSupply.Application.Tests\WaterSupply.Application.Tests.csproj", "{47DE9329-70CA-4475-9069-DB9461425AB1}"
EndProject
Project("{FAE04EC0-301F-11D3-BF4B-00C04F79EFBC}") = "WaterSupply.Console.Tests", "ConsoleApplication\WaterSupply.Console.Tests\WaterSupply.Console.Tests.csproj", "{F1A68CC9-0403-4644-8C15-A625C83C1639}"
EndProject
Project("{FAE04EC0-301F-11D3-BF4B-00C04F79EFBC}") = "WaterSupply.Web.Tests", "ASPNETApplication\WaterSupply.Web.Tests\WaterSupply.Web.Tests.csproj", "{5B0C5F56-9B74-4BFB-B7DE-7CE214826A2C}"
EndProject
Global
	GlobalSection(SolutionConfigurationPlatforms) = preSolution
		Debug|Any CPU = Debug|Any CPU
		Debug|x64 = Debug|x64
		Debug|x86 = Debug|x86
		Release|Any CPU = Release|Any CPU
		Release|x64 = Release|x64
		Release|x86 = Release|x86
	EndGlobalSection
	GlobalSection(ProjectConfigurationPlatforms) = postSolution
		{83BA7A4E-8156-4A8F-BEBF-CC18BFC08C7B}.Debug|Any CPU.ActiveCfg = Debug|Any CPU
		{83BA7A4E-8156-4A8F-BEBF-CC18BFC08C7B}.Debug|Any CPU.Build.0 = Debug|Any CPU
		{83BA7A4E-8156-4A8F-BEBF-CC18BFC08C7B}.Debug|x64.ActiveCfg = Debug|Any CPU
		{83BA7A4E-8156-4A8F-BEBF-CC18BFC08C7B}.Debug|x64.Build.0 = Debug|Any CPU
		{83BA7A4E-8156-4A8F-BEBF-CC18BFC08C7B}.Debug|x86.ActiveCfg = Debug|Any CPU
		{83BA7A4E-8156-4A8F-BEBF-CC18BFC08C7B}.Debug|x86.Build.0 = Debug|Any CPU
		{83BA7A4E-8156-4A8F-BEBF-CC18BFC08C7B}.Release|Any CPU.ActiveCfg = Release|Any CPU
		{83BA7A4E-8156-4A8F-BEBF-CC18BFC08C7B}.Release|Any CPU.Build.0 = Release|Any CPU
		{83BA7A4E-8156-4A8F-BEBF-CC18BFC08C7B}.Release|x64.ActiveCfg = Release|Any CPU
		{83BA7A4E-8156-4A8F-BEBF-CC18BFC08C7B}.Release|x64.Build.0 = Release|Any CPU
		{83BA7A4E-8156-4A8F-BEBF-CC18BFC08C7B}.Release|x86.ActiveCfg = Release|Any CPU
		{83BA7A4E-8156-4A8F-BEBF-CC18BFC08C7B}.Release|x86.Build.0 = Release|Any CPU
		{68D79330-03B0-4E77-99A1-654ED376FD20}.Debug|Any CPU.ActiveCfg = Debug|Any CPU
		{68D79330-03B0-4E77-99A1-654ED376FD20}.Debug|Any CPU.Build.0 = Debug|Any CPU
		{68D79330-03B0-4E77-99A1-654ED376FD20}.Debug|x64.ActiveCfg = Debug|Any CPU
		{68D79330-03B0-4E77-99A1-654ED376FD20}.Debug|x64.Build.0 = Debug|Any CPU
		{68D79330-03B0-4E77-99A1-654ED376FD20}.Debug|x86.ActiveCfg = Debug|Any CPU
		{68D79330-03B0-4E77-99A1-654ED376FD20}.Debug|x86.Build.0 = Debug|Any CPU
		{68D79330-03B0-4E77-99A1-654ED376FD20}.Release|Any CPU.ActiveCfg = Release|Any CPU
		{68D79330-03B0-4E77-99A1-654ED376FD20}.Release|Any CPU.Build.0 = Release|Any CPU
		{68D79330-03B0-4E77-99A1-654ED376FD20}.Release|x64.ActiveCfg = Release|Any CPU
		{68D79330-03B0-4E77-99A1-654ED376FD20}.Release|x64.Build.0 = Release|Any CPU
		{68D79330-03B0-4E77-99A1-654ED376FD20}.Release|x86.ActiveCfg = Release|Any CPU
		{68D79330-03B0-4E77-99A1-654ED376FD20}.Release|x86.Build.0 = Release|Any CPU
		{1F60A541-EA30-47A5-A657-7E80DDE04C24}.Debug|Any CPU.ActiveCfg = Debug|Any CPU
		{1F60A541-EA30-47A5-A657-7E80DDE04C24}.Debug|Any CPU.Build.0 = Debug|Any CPU
		{1F60A541-EA30-47A5-A657-7E80DDE04C24}.Debug|x64.ActiveCfg = Debug|Any CPU
		{1F60A541-EA30-47A5-A657-7E80DDE04C24}.Debug|x64.Build.0 = Debug|Any CPU
		{1F60A541-EA30-47A5-A657-7E80DDE04C24}.Debug|x86.ActiveCfg = Debug|Any CPU
		{1F60A541-EA30-47A5-A657-7E80DDE04C24}.Debug|x86.Build.0 = Debug|Any CPU
		{1F60A541-EA30-47A5-A657-7E80DDE04C24}.Release|Any CPU.ActiveCfg = Release|Any CPU
		{1F60A541-EA30-47A5-A657-7E80DDE04C24}.Release|Any CPU.Build.0 = Release|Any CPU
		{1F60A541-EA30-47A5-A657-7E80DDE04C24}.Release|x64.ActiveCfg = Release|Any CPU
		{1F60A541-EA30-47A5-A657-7E80DDE04C24}.Release|x64.Build.0 = Release|Any CPU
		{1F60A541-EA30-47A5-A657-7E80DDE04C24}.Release|x86.ActiveCfg = Release|Any CPU
		{1F60A541-EA30-47A5-A657-7E80DDE04C24}.Release|x86.Build.0 = Release|Any CPU
		{E339B38C-D308-4087-A664-888C3BB6B17C}.Debug|Any CPU.ActiveCfg = Debug|Any CPU
		{E339B38C-D308-4087-A664-888C3BB6B17C}.Debug|Any CPU.Build.0 = Debug|Any CPU
		{E339B38C-D308-4087-A664-888C3BB6B17C}.Debug|x64.ActiveCfg = Debug|Any CPU
		{E339B38C-D308-4087-A664-888C3BB6B17C}.Debug|x64.Build.0 = Debug|Any CPU
		{E339B38C-D308-4087-A664-888C3BB6B17C}.Debug|x86.ActiveCfg = Debug|Any CPU
		{E339B38C-D308-4087-A664-888C3BB6B17C}.Debug|x86.Build.0 = Debug|Any CPU
		{E339B38C-D308-4087-A664-888C3BB6B17C}.Release|Any CPU.ActiveCfg = Release|Any CPU
		{E339B38C-D308-4087-A664-888C3BB6B17C}.Release|Any CPU.Build.0 = Release|Any CPU
		{E339B38C-D308-4087-A664-888C3BB6B17C}.Release|x64.ActiveCfg = Release|Any CPU
		{E339B38C-D308-4087-A664-888C3BB6B17C}.Release|x64.Build.0 = Release|Any CPU
		{E339B38C-D308-4087-A664-888C3BB6B17C}.Release|x86.ActiveCfg = Release|Any CPU
		{E339B38C-D308-4087-A664-888C3BB6B17C}.Release|x86.Build.0 = Release|Any CPU
		{47DE9329-70CA-4475-9069-DB9461425AB1}.Debug|Any CPU.ActiveCfg = Debug|Any CPU
		{47DE9329-70CA-4475-9069-DB9461425AB1}.Debug|Any CPU.Build.0 = Debug|Any CPU
		{47DE9329-70CA-4475-9069-DB9461425AB1}.Debug|x64.ActiveCfg = Debug|Any CPU
		{47DE9329-70CA-4475-9069-DB9461425AB1}.Debug|x64.Build.0 = Debug|Any CPU
		{47DE9329-70CA-4475-9069-DB9461425AB1}.Debug|x86.ActiveCfg = Debug|Any CPU
		{47DE9329-70CA-4475-9069-DB9461425AB1}.Debug|x86.Build.0 = Debug|Any CPU
		{47DE9329-70CA-4475-9069-DB9461425AB1}.Release|Any CPU.ActiveCfg = Release|Any CPU
		{47DE9329-70CA-4475-9069-DB9461425AB1}.Release|Any CPU.Build.0 = Release|Any CPU
		{47DE9329-70CA-4475-9069-DB9461425AB1}.Release|x64.ActiveCfg = Release|Any CPU
		{47DE9329-70CA-4475-9069-DB9461425AB1}.Release|x64.Build.0 = Release|Any CPU
		{47DE9329-70CA-4475-9069-DB9461425AB1}.Release|x86.ActiveCfg = Release|Any CPU
		{47DE9329-70CA-4475-9069-DB9461425AB1}.Release|x86.Build.0 = Release|Any CPU
		{F1A68CC9-0403-4644-8C15-A625C83C1639}.Debug|Any CPU.ActiveCfg = Debug|Any CPU
		{F1A68CC9-0403-4644-8C15-A625C83C1639}.Debug|Any CPU.Build.0 = Debug|Any CPU
		{F1A68CC9-0403-4644-8C15-A625C83C1639}.Debug|x64.ActiveCfg = Debug|Any CPU
		{F1A68CC9-0403-4644-8C15-A625C83C1639}.Debug|x64.Build.0 = Debug|Any CPU
		{F1A68CC9-0403-4644-8C15-A625C83C1639}.Debug|x86.ActiveCfg = Debug|Any CPU
		{F1A68CC9-0403-4644-8C15-A625C83C1639}.Debug|x86.Build.0 = Debug|Any CPU
		{F1A68CC9-0403-4644-8C15-A625C83C1639}.Release|Any CPU.ActiveCfg = Release|Any CPU
		{F1A68CC9-0403-4644-8C15-A625C83C1639}.Release|Any CPU.Build.0 = Release|Any CPU
		{F1A68CC9-0403-4644-8C15-A625C83C1639}.Release|x64.ActiveCfg = Release|Any CPU
		{F1A68CC9-0403-4644-8C15-A625C83C1639}.Release|x64.Build.0 = Release|Any CPU
		{F1A68CC9-0403-4644-8C15-A625C83C1639}.Release|x86.ActiveCfg = Release|Any CPU
		{F1A68CC9-0403-4644-8C15-A625C83C1639}.Release|x86.Build.0 = Release|Any CPU
		{5B0C5F56-9B74-4BFB-B7DE-7CE214826A2C}.Debug|Any CPU.ActiveCfg = Debug|Any CPU
		{5B0C5F56-9B74-4BFB-B7DE-7CE214826A2C}.Debug|Any CPU.Build.0 = Debug|Any CPU
		{5B0C5F56-9B74-4BFB-B7DE-7CE214826A2C}.Debug|x64.ActiveCfg = Debug|Any CPU
		{5B0C5F56-9B74-4BFB-B7DE-7CE214826A2C}.Debug|x64.Build.0 = Debug|Any CPU
		{5B0C5F56-9B74-4BFB-B7DE-7CE214826A2C}.Debug|x86.ActiveCfg = Debug|Any CPU
		{5B0C5F56-9B74-4BFB-B7DE-7CE214826A2C}.Debug|x86.Build.0 = Debug|Any CPU
		{5B0C5F56-9B74-4BFB-B7DE-7CE214826A2C}.Release|Any CPU.ActiveCfg = Release|Any CPU
		{5B0C5F56-9B74-4BFB-B7DE-7CE214826A2C}.Release|Any CPU.Build.0 = Release|Any CPU
		{5B0C5F56-9B74-4BFB-B7DE-7CE214826A2C}.Release|x64.ActiveCfg = Release|Any CPU
		{5B0C5F56-9B74-4BFB-B7DE-7CE214826A2C}.Release|x64.Build.0 = Release|Any CPU
		{5B0C5F56-9B74-4BFB-B7DE-7CE214826A2C}.Release|x86.ActiveCfg = Release|Any CPU
		{5B0C5F56-9B74-4BFB-B7DE-7CE214826A2C}.Release|x86.Build.0 = Release|Any CPU
	EndGlobalSection
	GlobalSection(SolutionProperties) = preSolution
		HideSolutionNode = FALSE
	EndGlobalSection
	GlobalSection(NestedProjects) = preSolution
		{83BA7A4E-8156-4A8F-BEBF-CC18BFC08C7B} = {4F52FD11-658E-A102-6CD3-7D7C16FFA15B}
		{68D79330-03B0-4E77-99A1-654ED376FD20} = {4F52FD11-658E-A102-6CD3-7D7C16FFA15B}
		{1F60A541-EA30-47A5-A657-7E80DDE04C24} = {4F0048AE-A79F-217A-9920-87C84294E1BE}
		{E339B38C-D308-4087-A664-888C3BB6B17C} = {9B298988-26ED-9116-1A52-F2E923528485}
		{47DE9329-70CA-4475-9069-DB9461425AB1} = {4F52FD11-658E-A102-6CD3-7D7C16FFA15B}
		{F1A68CC9-0403-4644-8C15-A625C83C1639} = {4F0048AE-A79F-217A-9920-87C84294E1BE}
		{5B0C5F56-9B74-4BFB-B7DE-7CE214826A2C} = {9B298988-26ED-9116-1A52-F2E923528485}
	EndGlobalSection
EndGlobal
